
Microsoft Visual Studio Solution File, Format Version 12.00
# Visual Studio Version 17
VisualStudioVersion = 17.6.33829.357
MinimumVisualStudioVersion = 10.0.40219.1
Project("{FAE04EC0-301F-11D3-BF4B-00C04F79EFBC}") = "AppOcMundial2.Android", "AppOcMundial2\AppOcMundial2.Android\AppOcMundial2.Android.csproj", "{50A8FD33-17BB-4F46-9BCE-BD1A5BF902E4}"
EndProject
Project("{FAE04EC0-301F-11D3-BF4B-00C04F79EFBC}") = "AppOcMundial2", "AppOcMundial2\AppOcMundial2\AppOcMundial2.csproj", "{E1BA7EDD-3524-41CE-B413-B50171C46DBF}"
EndProject
Global
	GlobalSection(SolutionConfigurationPlatforms) = preSolution
		Debug|Any CPU = Debug|Any CPU
		Release|Any CPU = Release|Any CPU
	EndGlobalSection
	GlobalSection(ProjectConfigurationPlatforms) = postSolution
		{50A8FD33-17BB-4F46-9BCE-BD1A5BF902E4}.Debug|Any CPU.ActiveCfg = Debug|Any CPU
		{50A8FD33-17BB-4F46-9BCE-BD1A5BF902E4}.Debug|Any CPU.Build.0 = Debug|Any CPU
		{50A8FD33-17BB-4F46-9BCE-BD1A5BF902E4}.Debug|Any CPU.Deploy.0 = Debug|Any CPU
		{50A8FD33-17BB-4F46-9BCE-BD1A5BF902E4}.Release|Any CPU.ActiveCfg = Release|Any CPU
		{50A8FD33-17BB-4F46-9BCE-BD1A5BF902E4}.Release|Any CPU.Build.0 = Release|Any CPU
		{50A8FD33-17BB-4F46-9BCE-BD1A5BF902E4}.Release|Any CPU.Deploy.0 = Release|Any CPU
		{E1BA7EDD-3524-41CE-B413-B50171C46DBF}.Debug|Any CPU.ActiveCfg = Debug|Any CPU
		{E1BA7EDD-3524-41CE-B413-B50171C46DBF}.Debug|Any CPU.Build.0 = Debug|Any CPU
		{E1BA7EDD-3524-41CE-B413-B50171C46DBF}.Debug|Any CPU.Deploy.0 = Debug|Any CPU
		{E1BA7EDD-3524-41CE-B413-B50171C46DBF}.Release|Any CPU.ActiveCfg = Release|Any CPU
		{E1BA7EDD-3524-41CE-B413-B50171C46DBF}.Release|Any CPU.Build.0 = Release|Any CPU
		{E1BA7EDD-3524-41CE-B413-B50171C46DBF}.Release|Any CPU.Deploy.0 = Release|Any CPU
	EndGlobalSection
	GlobalSection(SolutionProperties) = preSolution
		HideSolutionNode = FALSE
	EndGlobalSection
	GlobalSection(ExtensibilityGlobals) = postSolution
		SolutionGuid = {AC025815-DDD7-495E-B81B-1948235E7302}
	EndGlobalSection
EndGlobal
