
Microsoft Visual Studio Solution File, Format Version 12.00
# Visual Studio Version 17
VisualStudioVersion = 17.6.33829.357
MinimumVisualStudioVersion = 10.0.40219.1
Project("{FAE04EC0-301F-11D3-BF4B-00C04F79EFBC}") = "OcWebSp", "OcWebSp\OcWebSp.csproj", "{58DE49CE-8026-4C78-8803-831F375A742E}"
EndProject
Global
	GlobalSection(SolutionConfigurationPlatforms) = preSolution
		Debug|Any CPU = Debug|Any CPU
		Release|Any CPU = Release|Any CPU
	EndGlobalSection
	GlobalSection(ProjectConfigurationPlatforms) = postSolution
		{58DE49CE-8026-4C78-8803-831F375A742E}.Debug|Any CPU.ActiveCfg = Debug|Any CPU
		{58DE49CE-8026-4C78-8803-831F375A742E}.Debug|Any CPU.Build.0 = Debug|Any CPU
		{58DE49CE-8026-4C78-8803-831F375A742E}.Release|Any CPU.ActiveCfg = Release|Any CPU
		{58DE49CE-8026-4C78-8803-831F375A742E}.Release|Any CPU.Build.0 = Release|Any CPU
	EndGlobalSection
	GlobalSection(SolutionProperties) = preSolution
		HideSolutionNode = FALSE
	EndGlobalSection
	GlobalSection(ExtensibilityGlobals) = postSolution
		SolutionGuid = {7939FEB4-427B-499B-962F-DF1DB3DA3CF4}
	EndGlobalSection
EndGlobal
